// !$*UTF8*$!
{
	archiveVersion = 1;
	classes = {
	};
	objectVersion = 51;
	objects = {

/* Begin PBXBuildFile section */
		2535CCEC265E312400388733 /* AppDelegate.swift in Sources */ = {isa = PBXBuildFile; fileRef = 2535CCEB265E312400388733 /* AppDelegate.swift */; };
		2535CCEE265E312400388733 /* SceneDelegate.swift in Sources */ = {isa = PBXBuildFile; fileRef = 2535CCED265E312400388733 /* SceneDelegate.swift */; };
		2535CCF0265E312400388733 /* UserListViewController.swift in Sources */ = {isa = PBXBuildFile; fileRef = 2535CCEF265E312400388733 /* UserListViewController.swift */; };
		2535CCF3265E312400388733 /* Main.storyboard in Resources */ = {isa = PBXBuildFile; fileRef = 2535CCF1265E312400388733 /* Main.storyboard */; };
		2535CCF6265E312400388733 /* GitHubUser.xcdatamodeld in Sources */ = {isa = PBXBuildFile; fileRef = 2535CCF4265E312400388733 /* GitHubUser.xcdatamodeld */; };
		2535CCF8265E312A00388733 /* Assets.xcassets in Resources */ = {isa = PBXBuildFile; fileRef = 2535CCF7265E312A00388733 /* Assets.xcassets */; };
		2535CCFB265E312A00388733 /* LaunchScreen.storyboard in Resources */ = {isa = PBXBuildFile; fileRef = 2535CCF9265E312A00388733 /* LaunchScreen.storyboard */; };
		2535CD06265E312A00388733 /* GitHubUserTests.swift in Sources */ = {isa = PBXBuildFile; fileRef = 2535CD05265E312A00388733 /* GitHubUserTests.swift */; };
		2535CD11265E312A00388733 /* GitHubUserUITests.swift in Sources */ = {isa = PBXBuildFile; fileRef = 2535CD10265E312A00388733 /* GitHubUserUITests.swift */; };
		2535CD37265E43D800388733 /* User.swift in Sources */ = {isa = PBXBuildFile; fileRef = 2535CD36265E43D800388733 /* User.swift */; };
		2535CD40265E488900388733 /* NetworkManager.swift in Sources */ = {isa = PBXBuildFile; fileRef = 2535CD3F265E488900388733 /* NetworkManager.swift */; };
		2535CD49265E51EC00388733 /* Identifiers.swift in Sources */ = {isa = PBXBuildFile; fileRef = 2535CD48265E51EC00388733 /* Identifiers.swift */; };
		2535CD52265E587200388733 /* UserlistViewModel.swift in Sources */ = {isa = PBXBuildFile; fileRef = 2535CD51265E587200388733 /* UserlistViewModel.swift */; };
		2535CD5B265E590600388733 /* UserListView.swift in Sources */ = {isa = PBXBuildFile; fileRef = 2535CD5A265E590600388733 /* UserListView.swift */; };
		2535CD64265E5AB800388733 /* GenericView.swift in Sources */ = {isa = PBXBuildFile; fileRef = 2535CD63265E5AB800388733 /* GenericView.swift */; };
		2535CD70265E61F100388733 /* UserListTableViewCell.swift in Sources */ = {isa = PBXBuildFile; fileRef = 2535CD6F265E61F100388733 /* UserListTableViewCell.swift */; };
		2535CD78265E64CA00388733 /* UIView.swift in Sources */ = {isa = PBXBuildFile; fileRef = 2535CD77265E64CA00388733 /* UIView.swift */; };
		2543D151265E891100759810 /* UserListDataSource.swift in Sources */ = {isa = PBXBuildFile; fileRef = 2543D150265E891100759810 /* UserListDataSource.swift */; };
		2543D159265E8AD400759810 /* UIImageView.swift in Sources */ = {isa = PBXBuildFile; fileRef = 2543D158265E8AD400759810 /* UIImageView.swift */; };
		2556EBD52660BB5D003866C0 /* UserDetailMediaTableViewCell.swift in Sources */ = {isa = PBXBuildFile; fileRef = 2556EBD42660BB5D003866C0 /* UserDetailMediaTableViewCell.swift */; };
		2556EBDD2660BBB2003866C0 /* UserDetailDescriptionTableViewCell.swift in Sources */ = {isa = PBXBuildFile; fileRef = 2556EBDC2660BBB2003866C0 /* UserDetailDescriptionTableViewCell.swift */; };
		2556EBE22660BC7D003866C0 /* UserDetailNoteTableViewCell.swift in Sources */ = {isa = PBXBuildFile; fileRef = 2556EBE12660BC7D003866C0 /* UserDetailNoteTableViewCell.swift */; };
		2587C40B266002F00021888C /* UserDetailView.swift in Sources */ = {isa = PBXBuildFile; fileRef = 2587C40A266002F00021888C /* UserDetailView.swift */; };
		2587C413266003180021888C /* UserDetail.swift in Sources */ = {isa = PBXBuildFile; fileRef = 2587C412266003180021888C /* UserDetail.swift */; };
		2587C41B26600CCE0021888C /* UserDetailViewController.swift in Sources */ = {isa = PBXBuildFile; fileRef = 2587C41A26600CCE0021888C /* UserDetailViewController.swift */; };
		2587C42026600D060021888C /* UserDetailViewModel.swift in Sources */ = {isa = PBXBuildFile; fileRef = 2587C41F26600D060021888C /* UserDetailViewModel.swift */; };
		2587C42526600E900021888C /* UserDetailDataSource.swift in Sources */ = {isa = PBXBuildFile; fileRef = 2587C42426600E900021888C /* UserDetailDataSource.swift */; };
		259D26982661365100080C2C /* DataController.swift in Sources */ = {isa = PBXBuildFile; fileRef = 259D26972661365100080C2C /* DataController.swift */; };
		259D26A5266136F700080C2C /* CoreData.framework in Frameworks */ = {isa = PBXBuildFile; fileRef = 259D26A4266136F700080C2C /* CoreData.framework */; };
		6F9477480D7BFA1158F4F2F4 /* Pods_GitHubUser.framework in Frameworks */ = {isa = PBXBuildFile; fileRef = 3801916C82635B72C1F419A6 /* Pods_GitHubUser.framework */; };
		90419F0FF4F9D0C42EEC75F9 /* Pods_GitHubUser_GitHubUserUITests.framework in Frameworks */ = {isa = PBXBuildFile; fileRef = C9FA93A914268FC0E1193D42 /* Pods_GitHubUser_GitHubUserUITests.framework */; };
		E40566D9E186CFA9FA13A6A2 /* Pods_GitHubUserTests.framework in Frameworks */ = {isa = PBXBuildFile; fileRef = 2F7EB4E43F64B2CCA17DE167 /* Pods_GitHubUserTests.framework */; };
/* End PBXBuildFile section */

/* Begin PBXContainerItemProxy section */
		2535CD02265E312A00388733 /* PBXContainerItemProxy */ = {
			isa = PBXContainerItemProxy;
			containerPortal = 2535CCE0265E312400388733 /* Project object */;
			proxyType = 1;
			remoteGlobalIDString = 2535CCE7265E312400388733;
			remoteInfo = GitHubUser;
		};
		2535CD0D265E312A00388733 /* PBXContainerItemProxy */ = {
			isa = PBXContainerItemProxy;
			containerPortal = 2535CCE0265E312400388733 /* Project object */;
			proxyType = 1;
			remoteGlobalIDString = 2535CCE7265E312400388733;
			remoteInfo = GitHubUser;
		};
/* End PBXContainerItemProxy section */

/* Begin PBXFileReference section */
		13DAA7774E8751025702A3EA /* Pods-GitHubUser.release.xcconfig */ = {isa = PBXFileReference; includeInIndex = 1; lastKnownFileType = text.xcconfig; name = "Pods-GitHubUser.release.xcconfig"; path = "Target Support Files/Pods-GitHubUser/Pods-GitHubUser.release.xcconfig"; sourceTree = "<group>"; };
		1BCBFDC26021A6F7CE4EED86 /* Pods-GitHubUser-GitHubUserUITests.release.xcconfig */ = {isa = PBXFileReference; includeInIndex = 1; lastKnownFileType = text.xcconfig; name = "Pods-GitHubUser-GitHubUserUITests.release.xcconfig"; path = "Target Support Files/Pods-GitHubUser-GitHubUserUITests/Pods-GitHubUser-GitHubUserUITests.release.xcconfig"; sourceTree = "<group>"; };
		2535CCE8265E312400388733 /* GitHubUser.app */ = {isa = PBXFileReference; explicitFileType = wrapper.application; includeInIndex = 0; path = GitHubUser.app; sourceTree = BUILT_PRODUCTS_DIR; };
		2535CCEB265E312400388733 /* AppDelegate.swift */ = {isa = PBXFileReference; lastKnownFileType = sourcecode.swift; path = AppDelegate.swift; sourceTree = "<group>"; };
		2535CCED265E312400388733 /* SceneDelegate.swift */ = {isa = PBXFileReference; lastKnownFileType = sourcecode.swift; path = SceneDelegate.swift; sourceTree = "<group>"; };
		2535CCEF265E312400388733 /* UserListViewController.swift */ = {isa = PBXFileReference; lastKnownFileType = sourcecode.swift; path = UserListViewController.swift; sourceTree = "<group>"; };
		2535CCF2265E312400388733 /* Base */ = {isa = PBXFileReference; lastKnownFileType = file.storyboard; name = Base; path = Base.lproj/Main.storyboard; sourceTree = "<group>"; };
		2535CCF5265E312400388733 /* GitHubUser.xcdatamodel */ = {isa = PBXFileReference; lastKnownFileType = wrapper.xcdatamodel; path = GitHubUser.xcdatamodel; sourceTree = "<group>"; };
		2535CCF7265E312A00388733 /* Assets.xcassets */ = {isa = PBXFileReference; lastKnownFileType = folder.assetcatalog; path = Assets.xcassets; sourceTree = "<group>"; };
		2535CCFA265E312A00388733 /* Base */ = {isa = PBXFileReference; lastKnownFileType = file.storyboard; name = Base; path = Base.lproj/LaunchScreen.storyboard; sourceTree = "<group>"; };
		2535CCFC265E312A00388733 /* Info.plist */ = {isa = PBXFileReference; lastKnownFileType = text.plist.xml; path = Info.plist; sourceTree = "<group>"; };
		2535CD01265E312A00388733 /* GitHubUserTests.xctest */ = {isa = PBXFileReference; explicitFileType = wrapper.cfbundle; includeInIndex = 0; path = GitHubUserTests.xctest; sourceTree = BUILT_PRODUCTS_DIR; };
		2535CD05265E312A00388733 /* GitHubUserTests.swift */ = {isa = PBXFileReference; lastKnownFileType = sourcecode.swift; path = GitHubUserTests.swift; sourceTree = "<group>"; };
		2535CD07265E312A00388733 /* Info.plist */ = {isa = PBXFileReference; lastKnownFileType = text.plist.xml; path = Info.plist; sourceTree = "<group>"; };
		2535CD0C265E312A00388733 /* GitHubUserUITests.xctest */ = {isa = PBXFileReference; explicitFileType = wrapper.cfbundle; includeInIndex = 0; path = GitHubUserUITests.xctest; sourceTree = BUILT_PRODUCTS_DIR; };
		2535CD10265E312A00388733 /* GitHubUserUITests.swift */ = {isa = PBXFileReference; lastKnownFileType = sourcecode.swift; path = GitHubUserUITests.swift; sourceTree = "<group>"; };
		2535CD12265E312A00388733 /* Info.plist */ = {isa = PBXFileReference; lastKnownFileType = text.plist.xml; path = Info.plist; sourceTree = "<group>"; };
		2535CD36265E43D800388733 /* User.swift */ = {isa = PBXFileReference; lastKnownFileType = sourcecode.swift; path = User.swift; sourceTree = "<group>"; };
		2535CD3F265E488900388733 /* NetworkManager.swift */ = {isa = PBXFileReference; lastKnownFileType = sourcecode.swift; path = NetworkManager.swift; sourceTree = "<group>"; };
		2535CD48265E51EC00388733 /* Identifiers.swift */ = {isa = PBXFileReference; lastKnownFileType = sourcecode.swift; path = Identifiers.swift; sourceTree = "<group>"; };
		2535CD51265E587200388733 /* UserlistViewModel.swift */ = {isa = PBXFileReference; lastKnownFileType = sourcecode.swift; path = UserlistViewModel.swift; sourceTree = "<group>"; };
		2535CD5A265E590600388733 /* UserListView.swift */ = {isa = PBXFileReference; lastKnownFileType = sourcecode.swift; path = UserListView.swift; sourceTree = "<group>"; };
		2535CD63265E5AB800388733 /* GenericView.swift */ = {isa = PBXFileReference; lastKnownFileType = sourcecode.swift; path = GenericView.swift; sourceTree = "<group>"; };
		2535CD6F265E61F100388733 /* UserListTableViewCell.swift */ = {isa = PBXFileReference; lastKnownFileType = sourcecode.swift; path = UserListTableViewCell.swift; sourceTree = "<group>"; };
		2535CD77265E64CA00388733 /* UIView.swift */ = {isa = PBXFileReference; lastKnownFileType = sourcecode.swift; path = UIView.swift; sourceTree = "<group>"; };
		2543D150265E891100759810 /* UserListDataSource.swift */ = {isa = PBXFileReference; lastKnownFileType = sourcecode.swift; path = UserListDataSource.swift; sourceTree = "<group>"; };
		2543D158265E8AD400759810 /* UIImageView.swift */ = {isa = PBXFileReference; lastKnownFileType = sourcecode.swift; path = UIImageView.swift; sourceTree = "<group>"; };
		2556EBD42660BB5D003866C0 /* UserDetailMediaTableViewCell.swift */ = {isa = PBXFileReference; lastKnownFileType = sourcecode.swift; path = UserDetailMediaTableViewCell.swift; sourceTree = "<group>"; };
		2556EBDC2660BBB2003866C0 /* UserDetailDescriptionTableViewCell.swift */ = {isa = PBXFileReference; lastKnownFileType = sourcecode.swift; path = UserDetailDescriptionTableViewCell.swift; sourceTree = "<group>"; };
		2556EBE12660BC7D003866C0 /* UserDetailNoteTableViewCell.swift */ = {isa = PBXFileReference; lastKnownFileType = sourcecode.swift; path = UserDetailNoteTableViewCell.swift; sourceTree = "<group>"; };
		2587C40A266002F00021888C /* UserDetailView.swift */ = {isa = PBXFileReference; lastKnownFileType = sourcecode.swift; path = UserDetailView.swift; sourceTree = "<group>"; };
		2587C412266003180021888C /* UserDetail.swift */ = {isa = PBXFileReference; lastKnownFileType = sourcecode.swift; path = UserDetail.swift; sourceTree = "<group>"; };
		2587C41A26600CCE0021888C /* UserDetailViewController.swift */ = {isa = PBXFileReference; lastKnownFileType = sourcecode.swift; path = UserDetailViewController.swift; sourceTree = "<group>"; };
		2587C41F26600D060021888C /* UserDetailViewModel.swift */ = {isa = PBXFileReference; lastKnownFileType = sourcecode.swift; path = UserDetailViewModel.swift; sourceTree = "<group>"; };
		2587C42426600E900021888C /* UserDetailDataSource.swift */ = {isa = PBXFileReference; lastKnownFileType = sourcecode.swift; path = UserDetailDataSource.swift; sourceTree = "<group>"; };
		259D26972661365100080C2C /* DataController.swift */ = {isa = PBXFileReference; lastKnownFileType = sourcecode.swift; path = DataController.swift; sourceTree = "<group>"; };
		259D26A4266136F700080C2C /* CoreData.framework */ = {isa = PBXFileReference; lastKnownFileType = wrapper.framework; name = CoreData.framework; path = System/Library/Frameworks/CoreData.framework; sourceTree = SDKROOT; };
		2D247BA3D8EF32713D7CEB72 /* Pods-GitHubUser.debug.xcconfig */ = {isa = PBXFileReference; includeInIndex = 1; lastKnownFileType = text.xcconfig; name = "Pods-GitHubUser.debug.xcconfig"; path = "Target Support Files/Pods-GitHubUser/Pods-GitHubUser.debug.xcconfig"; sourceTree = "<group>"; };
		2F7EB4E43F64B2CCA17DE167 /* Pods_GitHubUserTests.framework */ = {isa = PBXFileReference; explicitFileType = wrapper.framework; includeInIndex = 0; path = Pods_GitHubUserTests.framework; sourceTree = BUILT_PRODUCTS_DIR; };
		3801916C82635B72C1F419A6 /* Pods_GitHubUser.framework */ = {isa = PBXFileReference; explicitFileType = wrapper.framework; includeInIndex = 0; path = Pods_GitHubUser.framework; sourceTree = BUILT_PRODUCTS_DIR; };
		7AF8814DD83C4C77C73FCCC1 /* Pods-GitHubUserTests.debug.xcconfig */ = {isa = PBXFileReference; includeInIndex = 1; lastKnownFileType = text.xcconfig; name = "Pods-GitHubUserTests.debug.xcconfig"; path = "Target Support Files/Pods-GitHubUserTests/Pods-GitHubUserTests.debug.xcconfig"; sourceTree = "<group>"; };
		90B270D30780D6210922BEC2 /* Pods-GitHubUser-GitHubUserUITests.debug.xcconfig */ = {isa = PBXFileReference; includeInIndex = 1; lastKnownFileType = text.xcconfig; name = "Pods-GitHubUser-GitHubUserUITests.debug.xcconfig"; path = "Target Support Files/Pods-GitHubUser-GitHubUserUITests/Pods-GitHubUser-GitHubUserUITests.debug.xcconfig"; sourceTree = "<group>"; };
		A48B4038DFC6EDB8ABD73911 /* Pods-GitHubUserTests.release.xcconfig */ = {isa = PBXFileReference; includeInIndex = 1; lastKnownFileType = text.xcconfig; name = "Pods-GitHubUserTests.release.xcconfig"; path = "Target Support Files/Pods-GitHubUserTests/Pods-GitHubUserTests.release.xcconfig"; sourceTree = "<group>"; };
		C9FA93A914268FC0E1193D42 /* Pods_GitHubUser_GitHubUserUITests.framework */ = {isa = PBXFileReference; explicitFileType = wrapper.framework; includeInIndex = 0; path = Pods_GitHubUser_GitHubUserUITests.framework; sourceTree = BUILT_PRODUCTS_DIR; };
/* End PBXFileReference section */

/* Begin PBXFrameworksBuildPhase section */
		2535CCE5265E312400388733 /* Frameworks */ = {
			isa = PBXFrameworksBuildPhase;
			buildActionMask = 2147483647;
			files = (
				6F9477480D7BFA1158F4F2F4 /* Pods_GitHubUser.framework in Frameworks */,
				259D26A5266136F700080C2C /* CoreData.framework in Frameworks */,
			);
			runOnlyForDeploymentPostprocessing = 0;
		};
		2535CCFE265E312A00388733 /* Frameworks */ = {
			isa = PBXFrameworksBuildPhase;
			buildActionMask = 2147483647;
			files = (
				E40566D9E186CFA9FA13A6A2 /* Pods_GitHubUserTests.framework in Frameworks */,
			);
			runOnlyForDeploymentPostprocessing = 0;
		};
		2535CD09265E312A00388733 /* Frameworks */ = {
			isa = PBXFrameworksBuildPhase;
			buildActionMask = 2147483647;
			files = (
				90419F0FF4F9D0C42EEC75F9 /* Pods_GitHubUser_GitHubUserUITests.framework in Frameworks */,
			);
			runOnlyForDeploymentPostprocessing = 0;
		};
/* End PBXFrameworksBuildPhase section */

/* Begin PBXGroup section */
		2535CCDF265E312400388733 = {
			isa = PBXGroup;
			children = (
				2535CCEA265E312400388733 /* GitHubUser */,
				2535CD04265E312A00388733 /* GitHubUserTests */,
				2535CD0F265E312A00388733 /* GitHubUserUITests */,
				2535CCE9265E312400388733 /* Products */,
				DB8BD2818BFEC5F930778E7D /* Pods */,
				60F1E734EF8E0647B908E9C9 /* Frameworks */,
			);
			sourceTree = "<group>";
		};
		2535CCE9265E312400388733 /* Products */ = {
			isa = PBXGroup;
			children = (
				2535CCE8265E312400388733 /* GitHubUser.app */,
				2535CD01265E312A00388733 /* GitHubUserTests.xctest */,
				2535CD0C265E312A00388733 /* GitHubUserUITests.xctest */,
			);
			name = Products;
			sourceTree = "<group>";
		};
		2535CCEA265E312400388733 /* GitHubUser */ = {
			isa = PBXGroup;
			children = (
				259D26962661362100080C2C /* Core Data */,
				2543D14F265E88F800759810 /* DataSource */,
				2535CD6E265E61C000388733 /* Custom Cell */,
				2535CD62265E5A9D00388733 /* Custom Views */,
				2535CD47265E48F500388733 /* Helper */,
				2535CD3E265E487100388733 /* Service */,
				2535CD30265E430C00388733 /* User Detail */,
				2535CD2F265E42FE00388733 /* User List */,
				2535CCEB265E312400388733 /* AppDelegate.swift */,
				2535CCED265E312400388733 /* SceneDelegate.swift */,
				2535CCF1265E312400388733 /* Main.storyboard */,
				2535CCF7265E312A00388733 /* Assets.xcassets */,
				2535CCF9265E312A00388733 /* LaunchScreen.storyboard */,
				2535CCFC265E312A00388733 /* Info.plist */,
			);
			path = GitHubUser;
			sourceTree = "<group>";
		};
		2535CD04265E312A00388733 /* GitHubUserTests */ = {
			isa = PBXGroup;
			children = (
				2535CD05265E312A00388733 /* GitHubUserTests.swift */,
				2535CD07265E312A00388733 /* Info.plist */,
			);
			path = GitHubUserTests;
			sourceTree = "<group>";
		};
		2535CD0F265E312A00388733 /* GitHubUserUITests */ = {
			isa = PBXGroup;
			children = (
				2535CD10265E312A00388733 /* GitHubUserUITests.swift */,
				2535CD12265E312A00388733 /* Info.plist */,
			);
			path = GitHubUserUITests;
			sourceTree = "<group>";
		};
		2535CD2F265E42FE00388733 /* User List */ = {
			isa = PBXGroup;
			children = (
				2535CD59265E58F100388733 /* View */,
				2535CD50265E556A00388733 /* ViewModel */,
				2535CD35265E433E00388733 /* Model */,
				2535CD34265E431D00388733 /* Controller */,
			);
			path = "User List";
			sourceTree = "<group>";
		};
		2535CD30265E430C00388733 /* User Detail */ = {
			isa = PBXGroup;
			children = (
				2587C409266002CE0021888C /* Controller */,
				2587C408266002C60021888C /* Model */,
				2587C407266002A30021888C /* ViewModel */,
				2587C4062660029B0021888C /* View */,
			);
			path = "User Detail";
			sourceTree = "<group>";
		};
		2535CD34265E431D00388733 /* Controller */ = {
			isa = PBXGroup;
			children = (
				2535CCEF265E312400388733 /* UserListViewController.swift */,
			);
			path = Controller;
			sourceTree = "<group>";
		};
		2535CD35265E433E00388733 /* Model */ = {
			isa = PBXGroup;
			children = (
				2535CD36265E43D800388733 /* User.swift */,
			);
			path = Model;
			sourceTree = "<group>";
		};
		2535CD3E265E487100388733 /* Service */ = {
			isa = PBXGroup;
			children = (
				2535CD3F265E488900388733 /* NetworkManager.swift */,
			);
			path = Service;
			sourceTree = "<group>";
		};
		2535CD47265E48F500388733 /* Helper */ = {
			isa = PBXGroup;
			children = (
				2535CD48265E51EC00388733 /* Identifiers.swift */,
				2535CD77265E64CA00388733 /* UIView.swift */,
				2543D158265E8AD400759810 /* UIImageView.swift */,
			);
			path = Helper;
			sourceTree = "<group>";
		};
		2535CD50265E556A00388733 /* ViewModel */ = {
			isa = PBXGroup;
			children = (
				2535CD51265E587200388733 /* UserlistViewModel.swift */,
			);
			path = ViewModel;
			sourceTree = "<group>";
		};
		2535CD59265E58F100388733 /* View */ = {
			isa = PBXGroup;
			children = (
				2535CD5A265E590600388733 /* UserListView.swift */,
			);
			path = View;
			sourceTree = "<group>";
		};
		2535CD62265E5A9D00388733 /* Custom Views */ = {
			isa = PBXGroup;
			children = (
				2535CD63265E5AB800388733 /* GenericView.swift */,
			);
			path = "Custom Views";
			sourceTree = "<group>";
		};
		2535CD6E265E61C000388733 /* Custom Cell */ = {
			isa = PBXGroup;
			children = (
				2556EBD32660BB39003866C0 /* Detail */,
				2556EBD22660BB22003866C0 /* List */,
			);
			path = "Custom Cell";
			sourceTree = "<group>";
		};
		2543D14F265E88F800759810 /* DataSource */ = {
			isa = PBXGroup;
			children = (
				2543D150265E891100759810 /* UserListDataSource.swift */,
				2587C42426600E900021888C /* UserDetailDataSource.swift */,
			);
			path = DataSource;
			sourceTree = "<group>";
		};
		2556EBD22660BB22003866C0 /* List */ = {
			isa = PBXGroup;
			children = (
				2535CD6F265E61F100388733 /* UserListTableViewCell.swift */,
			);
			path = List;
			sourceTree = "<group>";
		};
		2556EBD32660BB39003866C0 /* Detail */ = {
			isa = PBXGroup;
			children = (
				2556EBD42660BB5D003866C0 /* UserDetailMediaTableViewCell.swift */,
				2556EBDC2660BBB2003866C0 /* UserDetailDescriptionTableViewCell.swift */,
				2556EBE12660BC7D003866C0 /* UserDetailNoteTableViewCell.swift */,
			);
			path = Detail;
			sourceTree = "<group>";
		};
		2587C4062660029B0021888C /* View */ = {
			isa = PBXGroup;
			children = (
				2587C40A266002F00021888C /* UserDetailView.swift */,
			);
			path = View;
			sourceTree = "<group>";
		};
		2587C407266002A30021888C /* ViewModel */ = {
			isa = PBXGroup;
			children = (
				2587C41F26600D060021888C /* UserDetailViewModel.swift */,
			);
			path = ViewModel;
			sourceTree = "<group>";
		};
		2587C408266002C60021888C /* Model */ = {
			isa = PBXGroup;
			children = (
				2587C412266003180021888C /* UserDetail.swift */,
			);
			path = Model;
			sourceTree = "<group>";
		};
		2587C409266002CE0021888C /* Controller */ = {
			isa = PBXGroup;
			children = (
				2587C41A26600CCE0021888C /* UserDetailViewController.swift */,
			);
			path = Controller;
			sourceTree = "<group>";
		};
		259D26962661362100080C2C /* Core Data */ = {
			isa = PBXGroup;
			children = (
				2535CCF4265E312400388733 /* GitHubUser.xcdatamodeld */,
				259D26972661365100080C2C /* DataController.swift */,
			);
			path = "Core Data";
			sourceTree = "<group>";
		};
		60F1E734EF8E0647B908E9C9 /* Frameworks */ = {
			isa = PBXGroup;
			children = (
				259D26A4266136F700080C2C /* CoreData.framework */,
				3801916C82635B72C1F419A6 /* Pods_GitHubUser.framework */,
				C9FA93A914268FC0E1193D42 /* Pods_GitHubUser_GitHubUserUITests.framework */,
				2F7EB4E43F64B2CCA17DE167 /* Pods_GitHubUserTests.framework */,
			);
			name = Frameworks;
			sourceTree = "<group>";
		};
		DB8BD2818BFEC5F930778E7D /* Pods */ = {
			isa = PBXGroup;
			children = (
				2D247BA3D8EF32713D7CEB72 /* Pods-GitHubUser.debug.xcconfig */,
				13DAA7774E8751025702A3EA /* Pods-GitHubUser.release.xcconfig */,
				90B270D30780D6210922BEC2 /* Pods-GitHubUser-GitHubUserUITests.debug.xcconfig */,
				1BCBFDC26021A6F7CE4EED86 /* Pods-GitHubUser-GitHubUserUITests.release.xcconfig */,
				7AF8814DD83C4C77C73FCCC1 /* Pods-GitHubUserTests.debug.xcconfig */,
				A48B4038DFC6EDB8ABD73911 /* Pods-GitHubUserTests.release.xcconfig */,
			);
			path = Pods;
			sourceTree = "<group>";
		};
/* End PBXGroup section */

/* Begin PBXNativeTarget section */
		2535CCE7265E312400388733 /* GitHubUser */ = {
			isa = PBXNativeTarget;
			buildConfigurationList = 2535CD15265E312A00388733 /* Build configuration list for PBXNativeTarget "GitHubUser" */;
			buildPhases = (
				31A42586AF7A1D290C34C02A /* [CP] Check Pods Manifest.lock */,
				2535CCE4265E312400388733 /* Sources */,
				2535CCE5265E312400388733 /* Frameworks */,
				2535CCE6265E312400388733 /* Resources */,
				D24FCD9F049060915F6AEAB9 /* [CP] Embed Pods Frameworks */,
			);
			buildRules = (
			);
			dependencies = (
			);
			name = GitHubUser;
			productName = GitHubUser;
			productReference = 2535CCE8265E312400388733 /* GitHubUser.app */;
			productType = "com.apple.product-type.application";
		};
		2535CD00265E312A00388733 /* GitHubUserTests */ = {
			isa = PBXNativeTarget;
			buildConfigurationList = 2535CD18265E312A00388733 /* Build configuration list for PBXNativeTarget "GitHubUserTests" */;
			buildPhases = (
				A65345A5BD4A1DFE04F0E617 /* [CP] Check Pods Manifest.lock */,
				2535CCFD265E312A00388733 /* Sources */,
				2535CCFE265E312A00388733 /* Frameworks */,
				2535CCFF265E312A00388733 /* Resources */,
			);
			buildRules = (
			);
			dependencies = (
				2535CD03265E312A00388733 /* PBXTargetDependency */,
			);
			name = GitHubUserTests;
			productName = GitHubUserTests;
			productReference = 2535CD01265E312A00388733 /* GitHubUserTests.xctest */;
			productType = "com.apple.product-type.bundle.unit-test";
		};
		2535CD0B265E312A00388733 /* GitHubUserUITests */ = {
			isa = PBXNativeTarget;
			buildConfigurationList = 2535CD1B265E312A00388733 /* Build configuration list for PBXNativeTarget "GitHubUserUITests" */;
			buildPhases = (
				7FA036A4DAE5D0F34242DE46 /* [CP] Check Pods Manifest.lock */,
				2535CD08265E312A00388733 /* Sources */,
				2535CD09265E312A00388733 /* Frameworks */,
				2535CD0A265E312A00388733 /* Resources */,
				CCB842C4D726B52ADB0B6898 /* [CP] Embed Pods Frameworks */,
			);
			buildRules = (
			);
			dependencies = (
				2535CD0E265E312A00388733 /* PBXTargetDependency */,
			);
			name = GitHubUserUITests;
			productName = GitHubUserUITests;
			productReference = 2535CD0C265E312A00388733 /* GitHubUserUITests.xctest */;
			productType = "com.apple.product-type.bundle.ui-testing";
		};
/* End PBXNativeTarget section */

/* Begin PBXProject section */
		2535CCE0265E312400388733 /* Project object */ = {
			isa = PBXProject;
			attributes = {
				LastSwiftUpdateCheck = 1230;
				LastUpgradeCheck = 1230;
				TargetAttributes = {
					2535CCE7265E312400388733 = {
						CreatedOnToolsVersion = 12.3;
					};
					2535CD00265E312A00388733 = {
						CreatedOnToolsVersion = 12.3;
						TestTargetID = 2535CCE7265E312400388733;
					};
					2535CD0B265E312A00388733 = {
						CreatedOnToolsVersion = 12.3;
						TestTargetID = 2535CCE7265E312400388733;
					};
				};
			};
			buildConfigurationList = 2535CCE3265E312400388733 /* Build configuration list for PBXProject "GitHubUser" */;
			compatibilityVersion = "Xcode 9.3";
			developmentRegion = en;
			hasScannedForEncodings = 0;
			knownRegions = (
				en,
				Base,
			);
			mainGroup = 2535CCDF265E312400388733;
			productRefGroup = 2535CCE9265E312400388733 /* Products */;
			projectDirPath = "";
			projectRoot = "";
			targets = (
				2535CCE7265E312400388733 /* GitHubUser */,
				2535CD00265E312A00388733 /* GitHubUserTests */,
				2535CD0B265E312A00388733 /* GitHubUserUITests */,
			);
		};
/* End PBXProject section */

/* Begin PBXResourcesBuildPhase section */
		2535CCE6265E312400388733 /* Resources */ = {
			isa = PBXResourcesBuildPhase;
			buildActionMask = 2147483647;
			files = (
				2535CCFB265E312A00388733 /* LaunchScreen.storyboard in Resources */,
				2535CCF8265E312A00388733 /* Assets.xcassets in Resources */,
				2535CCF3265E312400388733 /* Main.storyboard in Resources */,
			);
			runOnlyForDeploymentPostprocessing = 0;
		};
		2535CCFF265E312A00388733 /* Resources */ = {
			isa = PBXResourcesBuildPhase;
			buildActionMask = 2147483647;
			files = (
			);
			runOnlyForDeploymentPostprocessing = 0;
		};
		2535CD0A265E312A00388733 /* Resources */ = {
			isa = PBXResourcesBuildPhase;
			buildActionMask = 2147483647;
			files = (
			);
			runOnlyForDeploymentPostprocessing = 0;
		};
/* End PBXResourcesBuildPhase section */

/* Begin PBXShellScriptBuildPhase section */
		31A42586AF7A1D290C34C02A /* [CP] Check Pods Manifest.lock */ = {
			isa = PBXShellScriptBuildPhase;
			buildActionMask = 2147483647;
			files = (
			);
			inputFileListPaths = (
			);
			inputPaths = (
				"${PODS_PODFILE_DIR_PATH}/Podfile.lock",
				"${PODS_ROOT}/Manifest.lock",
			);
			name = "[CP] Check Pods Manifest.lock";
			outputFileListPaths = (
			);
			outputPaths = (
				"$(DERIVED_FILE_DIR)/Pods-GitHubUser-checkManifestLockResult.txt",
			);
			runOnlyForDeploymentPostprocessing = 0;
			shellPath = /bin/sh;
			shellScript = "diff \"${PODS_PODFILE_DIR_PATH}/Podfile.lock\" \"${PODS_ROOT}/Manifest.lock\" > /dev/null\nif [ $? != 0 ] ; then\n    # print error to STDERR\n    echo \"error: The sandbox is not in sync with the Podfile.lock. Run 'pod install' or update your CocoaPods installation.\" >&2\n    exit 1\nfi\n# This output is used by Xcode 'outputs' to avoid re-running this script phase.\necho \"SUCCESS\" > \"${SCRIPT_OUTPUT_FILE_0}\"\n";
			showEnvVarsInLog = 0;
		};
		7FA036A4DAE5D0F34242DE46 /* [CP] Check Pods Manifest.lock */ = {
			isa = PBXShellScriptBuildPhase;
			buildActionMask = 2147483647;
			files = (
			);
			inputFileListPaths = (
			);
			inputPaths = (
				"${PODS_PODFILE_DIR_PATH}/Podfile.lock",
				"${PODS_ROOT}/Manifest.lock",
			);
			name = "[CP] Check Pods Manifest.lock";
			outputFileListPaths = (
			);
			outputPaths = (
				"$(DERIVED_FILE_DIR)/Pods-GitHubUser-GitHubUserUITests-checkManifestLockResult.txt",
			);
			runOnlyForDeploymentPostprocessing = 0;
			shellPath = /bin/sh;
			shellScript = "diff \"${PODS_PODFILE_DIR_PATH}/Podfile.lock\" \"${PODS_ROOT}/Manifest.lock\" > /dev/null\nif [ $? != 0 ] ; then\n    # print error to STDERR\n    echo \"error: The sandbox is not in sync with the Podfile.lock. Run 'pod install' or update your CocoaPods installation.\" >&2\n    exit 1\nfi\n# This output is used by Xcode 'outputs' to avoid re-running this script phase.\necho \"SUCCESS\" > \"${SCRIPT_OUTPUT_FILE_0}\"\n";
			showEnvVarsInLog = 0;
		};
		A65345A5BD4A1DFE04F0E617 /* [CP] Check Pods Manifest.lock */ = {
			isa = PBXShellScriptBuildPhase;
			buildActionMask = 2147483647;
			files = (
			);
			inputFileListPaths = (
			);
			inputPaths = (
				"${PODS_PODFILE_DIR_PATH}/Podfile.lock",
				"${PODS_ROOT}/Manifest.lock",
			);
			name = "[CP] Check Pods Manifest.lock";
			outputFileListPaths = (
			);
			outputPaths = (
				"$(DERIVED_FILE_DIR)/Pods-GitHubUserTests-checkManifestLockResult.txt",
			);
			runOnlyForDeploymentPostprocessing = 0;
			shellPath = /bin/sh;
			shellScript = "diff \"${PODS_PODFILE_DIR_PATH}/Podfile.lock\" \"${PODS_ROOT}/Manifest.lock\" > /dev/null\nif [ $? != 0 ] ; then\n    # print error to STDERR\n    echo \"error: The sandbox is not in sync with the Podfile.lock. Run 'pod install' or update your CocoaPods installation.\" >&2\n    exit 1\nfi\n# This output is used by Xcode 'outputs' to avoid re-running this script phase.\necho \"SUCCESS\" > \"${SCRIPT_OUTPUT_FILE_0}\"\n";
			showEnvVarsInLog = 0;
		};
		CCB842C4D726B52ADB0B6898 /* [CP] Embed Pods Frameworks */ = {
			isa = PBXShellScriptBuildPhase;
			buildActionMask = 2147483647;
			files = (
			);
			inputFileListPaths = (
				"${PODS_ROOT}/Target Support Files/Pods-GitHubUser-GitHubUserUITests/Pods-GitHubUser-GitHubUserUITests-frameworks-${CONFIGURATION}-input-files.xcfilelist",
			);
			name = "[CP] Embed Pods Frameworks";
			outputFileListPaths = (
				"${PODS_ROOT}/Target Support Files/Pods-GitHubUser-GitHubUserUITests/Pods-GitHubUser-GitHubUserUITests-frameworks-${CONFIGURATION}-output-files.xcfilelist",
			);
			runOnlyForDeploymentPostprocessing = 0;
			shellPath = /bin/sh;
			shellScript = "\"${PODS_ROOT}/Target Support Files/Pods-GitHubUser-GitHubUserUITests/Pods-GitHubUser-GitHubUserUITests-frameworks.sh\"\n";
			showEnvVarsInLog = 0;
		};
		D24FCD9F049060915F6AEAB9 /* [CP] Embed Pods Frameworks */ = {
			isa = PBXShellScriptBuildPhase;
			buildActionMask = 2147483647;
			files = (
			);
			inputFileListPaths = (
				"${PODS_ROOT}/Target Support Files/Pods-GitHubUser/Pods-GitHubUser-frameworks-${CONFIGURATION}-input-files.xcfilelist",
			);
			name = "[CP] Embed Pods Frameworks";
			outputFileListPaths = (
				"${PODS_ROOT}/Target Support Files/Pods-GitHubUser/Pods-GitHubUser-frameworks-${CONFIGURATION}-output-files.xcfilelist",
			);
			runOnlyForDeploymentPostprocessing = 0;
			shellPath = /bin/sh;
			shellScript = "\"${PODS_ROOT}/Target Support Files/Pods-GitHubUser/Pods-GitHubUser-frameworks.sh\"\n";
			showEnvVarsInLog = 0;
		};
/* End PBXShellScriptBuildPhase section */

/* Begin PBXSourcesBuildPhase section */
		2535CCE4265E312400388733 /* Sources */ = {
			isa = PBXSourcesBuildPhase;
			buildActionMask = 2147483647;
			files = (
				2587C42026600D060021888C /* UserDetailViewModel.swift in Sources */,
				2587C41B26600CCE0021888C /* UserDetailViewController.swift in Sources */,
				2556EBD52660BB5D003866C0 /* UserDetailMediaTableViewCell.swift in Sources */,
				2535CD40265E488900388733 /* NetworkManager.swift in Sources */,
				2556EBDD2660BBB2003866C0 /* UserDetailDescriptionTableViewCell.swift in Sources */,
				2535CD52265E587200388733 /* UserlistViewModel.swift in Sources */,
				2543D159265E8AD400759810 /* UIImageView.swift in Sources */,
				2535CCF0265E312400388733 /* UserListViewController.swift in Sources */,
				2587C42526600E900021888C /* UserDetailDataSource.swift in Sources */,
				2535CD70265E61F100388733 /* UserListTableViewCell.swift in Sources */,
				2535CD78265E64CA00388733 /* UIView.swift in Sources */,
				2535CCF6265E312400388733 /* GitHubUser.xcdatamodeld in Sources */,
				2535CCEC265E312400388733 /* AppDelegate.swift in Sources */,
				2535CD49265E51EC00388733 /* Identifiers.swift in Sources */,
				2543D151265E891100759810 /* UserListDataSource.swift in Sources */,
				2535CD64265E5AB800388733 /* GenericView.swift in Sources */,
				2535CD37265E43D800388733 /* User.swift in Sources */,
				2535CD5B265E590600388733 /* UserListView.swift in Sources */,
				2587C413266003180021888C /* UserDetail.swift in Sources */,
				2556EBE22660BC7D003866C0 /* UserDetailNoteTableViewCell.swift in Sources */,
				259D26982661365100080C2C /* DataController.swift in Sources */,
				2587C40B266002F00021888C /* UserDetailView.swift in Sources */,
				2535CCEE265E312400388733 /* SceneDelegate.swift in Sources */,
			);
			runOnlyForDeploymentPostprocessing = 0;
		};
		2535CCFD265E312A00388733 /* Sources */ = {
			isa = PBXSourcesBuildPhase;
			buildActionMask = 2147483647;
			files = (
				2535CD06265E312A00388733 /* GitHubUserTests.swift in Sources */,
			);
			runOnlyForDeploymentPostprocessing = 0;
		};
		2535CD08265E312A00388733 /* Sources */ = {
			isa = PBXSourcesBuildPhase;
			buildActionMask = 2147483647;
			files = (
				2535CD11265E312A00388733 /* GitHubUserUITests.swift in Sources */,
			);
			runOnlyForDeploymentPostprocessing = 0;
		};
/* End PBXSourcesBuildPhase section */

/* Begin PBXTargetDependency section */
		2535CD03265E312A00388733 /* PBXTargetDependency */ = {
			isa = PBXTargetDependency;
			target = 2535CCE7265E312400388733 /* GitHubUser */;
			targetProxy = 2535CD02265E312A00388733 /* PBXContainerItemProxy */;
		};
		2535CD0E265E312A00388733 /* PBXTargetDependency */ = {
			isa = PBXTargetDependency;
			target = 2535CCE7265E312400388733 /* GitHubUser */;
			targetProxy = 2535CD0D265E312A00388733 /* PBXContainerItemProxy */;
		};
/* End PBXTargetDependency section */

/* Begin PBXVariantGroup section */
		2535CCF1265E312400388733 /* Main.storyboard */ = {
			isa = PBXVariantGroup;
			children = (
				2535CCF2265E312400388733 /* Base */,
			);
			name = Main.storyboard;
			sourceTree = "<group>";
		};
		2535CCF9265E312A00388733 /* LaunchScreen.storyboard */ = {
			isa = PBXVariantGroup;
			children = (
				2535CCFA265E312A00388733 /* Base */,
			);
			name = LaunchScreen.storyboard;
			sourceTree = "<group>";
		};
/* End PBXVariantGroup section */

/* Begin XCBuildConfiguration section */
		2535CD13265E312A00388733 /* Debug */ = {
			isa = XCBuildConfiguration;
			buildSettings = {
				ALWAYS_SEARCH_USER_PATHS = NO;
				CLANG_ANALYZER_NONNULL = YES;
				CLANG_ANALYZER_NUMBER_OBJECT_CONVERSION = YES_AGGRESSIVE;
				CLANG_CXX_LANGUAGE_STANDARD = "gnu++14";
				CLANG_CXX_LIBRARY = "libc++";
				CLANG_ENABLE_MODULES = YES;
				CLANG_ENABLE_OBJC_ARC = YES;
				CLANG_ENABLE_OBJC_WEAK = YES;
				CLANG_WARN_BLOCK_CAPTURE_AUTORELEASING = YES;
				CLANG_WARN_BOOL_CONVERSION = YES;
				CLANG_WARN_COMMA = YES;
				CLANG_WARN_CONSTANT_CONVERSION = YES;
				CLANG_WARN_DEPRECATED_OBJC_IMPLEMENTATIONS = YES;
				CLANG_WARN_DIRECT_OBJC_ISA_USAGE = YES_ERROR;
				CLANG_WARN_DOCUMENTATION_COMMENTS = YES;
				CLANG_WARN_EMPTY_BODY = YES;
				CLANG_WARN_ENUM_CONVERSION = YES;
				CLANG_WARN_INFINITE_RECURSION = YES;
				CLANG_WARN_INT_CONVERSION = YES;
				CLANG_WARN_NON_LITERAL_NULL_CONVERSION = YES;
				CLANG_WARN_OBJC_IMPLICIT_RETAIN_SELF = YES;
				CLANG_WARN_OBJC_LITERAL_CONVERSION = YES;
				CLANG_WARN_OBJC_ROOT_CLASS = YES_ERROR;
				CLANG_WARN_QUOTED_INCLUDE_IN_FRAMEWORK_HEADER = YES;
				CLANG_WARN_RANGE_LOOP_ANALYSIS = YES;
				CLANG_WARN_STRICT_PROTOTYPES = YES;
				CLANG_WARN_SUSPICIOUS_MOVE = YES;
				CLANG_WARN_UNGUARDED_AVAILABILITY = YES_AGGRESSIVE;
				CLANG_WARN_UNREACHABLE_CODE = YES;
				CLANG_WARN__DUPLICATE_METHOD_MATCH = YES;
				COPY_PHASE_STRIP = NO;
				DEBUG_INFORMATION_FORMAT = dwarf;
				ENABLE_STRICT_OBJC_MSGSEND = YES;
				ENABLE_TESTABILITY = YES;
				GCC_C_LANGUAGE_STANDARD = gnu11;
				GCC_DYNAMIC_NO_PIC = NO;
				GCC_NO_COMMON_BLOCKS = YES;
				GCC_OPTIMIZATION_LEVEL = 0;
				GCC_PREPROCESSOR_DEFINITIONS = (
					"DEBUG=1",
					"$(inherited)",
				);
				GCC_WARN_64_TO_32_BIT_CONVERSION = YES;
				GCC_WARN_ABOUT_RETURN_TYPE = YES_ERROR;
				GCC_WARN_UNDECLARED_SELECTOR = YES;
				GCC_WARN_UNINITIALIZED_AUTOS = YES_AGGRESSIVE;
				GCC_WARN_UNUSED_FUNCTION = YES;
				GCC_WARN_UNUSED_VARIABLE = YES;
				IPHONEOS_DEPLOYMENT_TARGET = 14.3;
				MTL_ENABLE_DEBUG_INFO = INCLUDE_SOURCE;
				MTL_FAST_MATH = YES;
				ONLY_ACTIVE_ARCH = YES;
				SDKROOT = iphoneos;
				SWIFT_ACTIVE_COMPILATION_CONDITIONS = DEBUG;
				SWIFT_OPTIMIZATION_LEVEL = "-Onone";
			};
			name = Debug;
		};
		2535CD14265E312A00388733 /* Release */ = {
			isa = XCBuildConfiguration;
			buildSettings = {
				ALWAYS_SEARCH_USER_PATHS = NO;
				CLANG_ANALYZER_NONNULL = YES;
				CLANG_ANALYZER_NUMBER_OBJECT_CONVERSION = YES_AGGRESSIVE;
				CLANG_CXX_LANGUAGE_STANDARD = "gnu++14";
				CLANG_CXX_LIBRARY = "libc++";
				CLANG_ENABLE_MODULES = YES;
				CLANG_ENABLE_OBJC_ARC = YES;
				CLANG_ENABLE_OBJC_WEAK = YES;
				CLANG_WARN_BLOCK_CAPTURE_AUTORELEASING = YES;
				CLANG_WARN_BOOL_CONVERSION = YES;
				CLANG_WARN_COMMA = YES;
				CLANG_WARN_CONSTANT_CONVERSION = YES;
				CLANG_WARN_DEPRECATED_OBJC_IMPLEMENTATIONS = YES;
				CLANG_WARN_DIRECT_OBJC_ISA_USAGE = YES_ERROR;
				CLANG_WARN_DOCUMENTATION_COMMENTS = YES;
				CLANG_WARN_EMPTY_BODY = YES;
				CLANG_WARN_ENUM_CONVERSION = YES;
				CLANG_WARN_INFINITE_RECURSION = YES;
				CLANG_WARN_INT_CONVERSION = YES;
				CLANG_WARN_NON_LITERAL_NULL_CONVERSION = YES;
				CLANG_WARN_OBJC_IMPLICIT_RETAIN_SELF = YES;
				CLANG_WARN_OBJC_LITERAL_CONVERSION = YES;
				CLANG_WARN_OBJC_ROOT_CLASS = YES_ERROR;
				CLANG_WARN_QUOTED_INCLUDE_IN_FRAMEWORK_HEADER = YES;
				CLANG_WARN_RANGE_LOOP_ANALYSIS = YES;
				CLANG_WARN_STRICT_PROTOTYPES = YES;
				CLANG_WARN_SUSPICIOUS_MOVE = YES;
				CLANG_WARN_UNGUARDED_AVAILABILITY = YES_AGGRESSIVE;
				CLANG_WARN_UNREACHABLE_CODE = YES;
				CLANG_WARN__DUPLICATE_METHOD_MATCH = YES;
				COPY_PHASE_STRIP = NO;
				DEBUG_INFORMATION_FORMAT = "dwarf-with-dsym";
				ENABLE_NS_ASSERTIONS = NO;
				ENABLE_STRICT_OBJC_MSGSEND = YES;
				GCC_C_LANGUAGE_STANDARD = gnu11;
				GCC_NO_COMMON_BLOCKS = YES;
				GCC_WARN_64_TO_32_BIT_CONVERSION = YES;
				GCC_WARN_ABOUT_RETURN_TYPE = YES_ERROR;
				GCC_WARN_UNDECLARED_SELECTOR = YES;
				GCC_WARN_UNINITIALIZED_AUTOS = YES_AGGRESSIVE;
				GCC_WARN_UNUSED_FUNCTION = YES;
				GCC_WARN_UNUSED_VARIABLE = YES;
				IPHONEOS_DEPLOYMENT_TARGET = 14.3;
				MTL_ENABLE_DEBUG_INFO = NO;
				MTL_FAST_MATH = YES;
				SDKROOT = iphoneos;
				SWIFT_COMPILATION_MODE = wholemodule;
				SWIFT_OPTIMIZATION_LEVEL = "-O";
				VALIDATE_PRODUCT = YES;
			};
			name = Release;
		};
		2535CD16265E312A00388733 /* Debug */ = {
			isa = XCBuildConfiguration;
			baseConfigurationReference = 2D247BA3D8EF32713D7CEB72 /* Pods-GitHubUser.debug.xcconfig */;
			buildSettings = {
				ASSETCATALOG_COMPILER_APPICON_NAME = AppIcon;
				ASSETCATALOG_COMPILER_GLOBAL_ACCENT_COLOR_NAME = AccentColor;
				CODE_SIGN_STYLE = Automatic;
				INFOPLIST_FILE = GitHubUser/Info.plist;
				LD_RUNPATH_SEARCH_PATHS = (
					"$(inherited)",
					"@executable_path/Frameworks",
				);
				PRODUCT_BUNDLE_IDENTIFIER = com.biswa.GitHubUser;
				PRODUCT_NAME = "$(TARGET_NAME)";
				SWIFT_VERSION = 5.0;
				TARGETED_DEVICE_FAMILY = "1,2";
			};
			name = Debug;
		};
		2535CD17265E312A00388733 /* Release */ = {
			isa = XCBuildConfiguration;
			baseConfigurationReference = 13DAA7774E8751025702A3EA /* Pods-GitHubUser.release.xcconfig */;
			buildSettings = {
				ASSETCATALOG_COMPILER_APPICON_NAME = AppIcon;
				ASSETCATALOG_COMPILER_GLOBAL_ACCENT_COLOR_NAME = AccentColor;
				CODE_SIGN_STYLE = Automatic;
				INFOPLIST_FILE = GitHubUser/Info.plist;
				LD_RUNPATH_SEARCH_PATHS = (
					"$(inherited)",
					"@executable_path/Frameworks",
				);
				PRODUCT_BUNDLE_IDENTIFIER = com.biswa.GitHubUser;
				PRODUCT_NAME = "$(TARGET_NAME)";
				SWIFT_VERSION = 5.0;
				TARGETED_DEVICE_FAMILY = "1,2";
			};
			name = Release;
		};
		2535CD19265E312A00388733 /* Debug */ = {
			isa = XCBuildConfiguration;
			baseConfigurationReference = 7AF8814DD83C4C77C73FCCC1 /* Pods-GitHubUserTests.debug.xcconfig */;
			buildSettings = {
				ALWAYS_EMBED_SWIFT_STANDARD_LIBRARIES = YES;
				BUNDLE_LOADER = "$(TEST_HOST)";
				CODE_SIGN_STYLE = Automatic;
				INFOPLIST_FILE = GitHubUserTests/Info.plist;
				IPHONEOS_DEPLOYMENT_TARGET = 14.3;
				LD_RUNPATH_SEARCH_PATHS = (
					"$(inherited)",
					"@executable_path/Frameworks",
					"@loader_path/Frameworks",
				);
				PRODUCT_BUNDLE_IDENTIFIER = com.biswa.GitHubUserTests;
				PRODUCT_NAME = "$(TARGET_NAME)";
				SWIFT_VERSION = 5.0;
				TARGETED_DEVICE_FAMILY = "1,2";
				TEST_HOST = "$(BUILT_PRODUCTS_DIR)/GitHubUser.app/GitHubUser";
			};
			name = Debug;
		};
		2535CD1A265E312A00388733 /* Release */ = {
			isa = XCBuildConfiguration;
			baseConfigurationReference = A48B4038DFC6EDB8ABD73911 /* Pods-GitHubUserTests.release.xcconfig */;
			buildSettings = {
				ALWAYS_EMBED_SWIFT_STANDARD_LIBRARIES = YES;
				BUNDLE_LOADER = "$(TEST_HOST)";
				CODE_SIGN_STYLE = Automatic;
				INFOPLIST_FILE = GitHubUserTests/Info.plist;
				IPHONEOS_DEPLOYMENT_TARGET = 14.3;
				LD_RUNPATH_SEARCH_PATHS = (
					"$(inherited)",
					"@executable_path/Frameworks",
					"@loader_path/Frameworks",
				);
				PRODUCT_BUNDLE_IDENTIFIER = com.biswa.GitHubUserTests;
				PRODUCT_NAME = "$(TARGET_NAME)";
				SWIFT_VERSION = 5.0;
				TARGETED_DEVICE_FAMILY = "1,2";
				TEST_HOST = "$(BUILT_PRODUCTS_DIR)/GitHubUser.app/GitHubUser";
			};
			name = Release;
		};
		2535CD1C265E312A00388733 /* Debug */ = {
			isa = XCBuildConfiguration;
			baseConfigurationReference = 90B270D30780D6210922BEC2 /* Pods-GitHubUser-GitHubUserUITests.debug.xcconfig */;
			buildSettings = {
				ALWAYS_EMBED_SWIFT_STANDARD_LIBRARIES = YES;
				CODE_SIGN_STYLE = Automatic;
				INFOPLIST_FILE = GitHubUserUITests/Info.plist;
				LD_RUNPATH_SEARCH_PATHS = (
					"$(inherited)",
					"@executable_path/Frameworks",
					"@loader_path/Frameworks",
				);
				PRODUCT_BUNDLE_IDENTIFIER = com.biswa.GitHubUserUITests;
				PRODUCT_NAME = "$(TARGET_NAME)";
				SWIFT_VERSION = 5.0;
				TARGETED_DEVICE_FAMILY = "1,2";
				TEST_TARGET_NAME = GitHubUser;
			};
			name = Debug;
		};
		2535CD1D265E312A00388733 /* Release */ = {
			isa = XCBuildConfiguration;
			baseConfigurationReference = 1BCBFDC26021A6F7CE4EED86 /* Pods-GitHubUser-GitHubUserUITests.release.xcconfig */;
			buildSettings = {
				ALWAYS_EMBED_SWIFT_STANDARD_LIBRARIES = YES;
				CODE_SIGN_STYLE = Automatic;
				INFOPLIST_FILE = GitHubUserUITests/Info.plist;
				LD_RUNPATH_SEARCH_PATHS = (
					"$(inherited)",
					"@executable_path/Frameworks",
					"@loader_path/Frameworks",
				);
				PRODUCT_BUNDLE_IDENTIFIER = com.biswa.GitHubUserUITests;
				PRODUCT_NAME = "$(TARGET_NAME)";
				SWIFT_VERSION = 5.0;
				TARGETED_DEVICE_FAMILY = "1,2";
				TEST_TARGET_NAME = GitHubUser;
			};
			name = Release;
		};
/* End XCBuildConfiguration section */

/* Begin XCConfigurationList section */
		2535CCE3265E312400388733 /* Build configuration list for PBXProject "GitHubUser" */ = {
			isa = XCConfigurationList;
			buildConfigurations = (
				2535CD13265E312A00388733 /* Debug */,
				2535CD14265E312A00388733 /* Release */,
			);
			defaultConfigurationIsVisible = 0;
			defaultConfigurationName = Release;
		};
		2535CD15265E312A00388733 /* Build configuration list for PBXNativeTarget "GitHubUser" */ = {
			isa = XCConfigurationList;
			buildConfigurations = (
				2535CD16265E312A00388733 /* Debug */,
				2535CD17265E312A00388733 /* Release */,
			);
			defaultConfigurationIsVisible = 0;
			defaultConfigurationName = Release;
		};
		2535CD18265E312A00388733 /* Build configuration list for PBXNativeTarget "GitHubUserTests" */ = {
			isa = XCConfigurationList;
			buildConfigurations = (
				2535CD19265E312A00388733 /* Debug */,
				2535CD1A265E312A00388733 /* Release */,
			);
			defaultConfigurationIsVisible = 0;
			defaultConfigurationName = Release;
		};
		2535CD1B265E312A00388733 /* Build configuration list for PBXNativeTarget "GitHubUserUITests" */ = {
			isa = XCConfigurationList;
			buildConfigurations = (
				2535CD1C265E312A00388733 /* Debug */,
				2535CD1D265E312A00388733 /* Release */,
			);
			defaultConfigurationIsVisible = 0;
			defaultConfigurationName = Release;
		};
/* End XCConfigurationList section */

/* Begin XCVersionGroup section */
		2535CCF4265E312400388733 /* GitHubUser.xcdatamodeld */ = {
			isa = XCVersionGroup;
			children = (
				2535CCF5265E312400388733 /* GitHubUser.xcdatamodel */,
			);
			currentVersion = 2535CCF5265E312400388733 /* GitHubUser.xcdatamodel */;
			path = GitHubUser.xcdatamodeld;
			sourceTree = "<group>";
			versionGroupType = wrapper.xcdatamodel;
		};
/* End XCVersionGroup section */
	};
	rootObject = 2535CCE0265E312400388733 /* Project object */;
}
